### YamlMime:ManagedReference
items:
- uid: eDIA.ExperimentBlock
  commentId: T:eDIA.ExperimentBlock
  id: ExperimentBlock
  parent: eDIA
  children:
  - eDIA.ExperimentBlock.block_name
  - eDIA.ExperimentBlock.block_settings
  - eDIA.ExperimentBlock.intro
  - eDIA.ExperimentBlock.outro
  - eDIA.ExperimentBlock.trial_settings
  langs:
  - csharp
  - vb
  name: ExperimentBlock
  nameWithType: ExperimentBlock
  fullName: eDIA.ExperimentBlock
  type: Class
  source:
    id: ExperimentBlock
    path: ''
    startLine: 6539
  assemblies:
  - cs.temp.dll
  namespace: eDIA
  summary: 'Experiment block container  '
  example: []
  syntax:
    content: >-
      [Serializable]

      public class ExperimentBlock
    content.vb: >-
      <Serializable>

      Public Class ExperimentBlock
  inheritance:
  - System.Object
  attributes:
  - type: System.SerializableAttribute
    ctor: System.SerializableAttribute.#ctor
    arguments: []
  modifiers.csharp:
  - public
  - class
  modifiers.vb:
  - Public
  - Class
- uid: eDIA.ExperimentBlock.block_name
  commentId: F:eDIA.ExperimentBlock.block_name
  id: block_name
  parent: eDIA.ExperimentBlock
  langs:
  - csharp
  - vb
  name: block_name
  nameWithType: ExperimentBlock.block_name
  fullName: eDIA.ExperimentBlock.block_name
  type: Field
  source:
    id: block_name
    path: ''
    startLine: 6541
  assemblies:
  - cs.temp.dll
  namespace: eDIA
  syntax:
    content: public string block_name
    return:
      type: System.String
    content.vb: Public block_name As String
  modifiers.csharp:
  - public
  modifiers.vb:
  - Public
- uid: eDIA.ExperimentBlock.intro
  commentId: F:eDIA.ExperimentBlock.intro
  id: intro
  parent: eDIA.ExperimentBlock
  langs:
  - csharp
  - vb
  name: intro
  nameWithType: ExperimentBlock.intro
  fullName: eDIA.ExperimentBlock.intro
  type: Field
  source:
    id: intro
    path: ''
    startLine: 6542
  assemblies:
  - cs.temp.dll
  namespace: eDIA
  syntax:
    content: public string intro
    return:
      type: System.String
    content.vb: Public intro As String
  modifiers.csharp:
  - public
  modifiers.vb:
  - Public
- uid: eDIA.ExperimentBlock.outro
  commentId: F:eDIA.ExperimentBlock.outro
  id: outro
  parent: eDIA.ExperimentBlock
  langs:
  - csharp
  - vb
  name: outro
  nameWithType: ExperimentBlock.outro
  fullName: eDIA.ExperimentBlock.outro
  type: Field
  source:
    id: outro
    path: ''
    startLine: 6543
  assemblies:
  - cs.temp.dll
  namespace: eDIA
  syntax:
    content: public string outro
    return:
      type: System.String
    content.vb: Public outro As String
  modifiers.csharp:
  - public
  modifiers.vb:
  - Public
- uid: eDIA.ExperimentBlock.block_settings
  commentId: F:eDIA.ExperimentBlock.block_settings
  id: block_settings
  parent: eDIA.ExperimentBlock
  langs:
  - csharp
  - vb
  name: block_settings
  nameWithType: ExperimentBlock.block_settings
  fullName: eDIA.ExperimentBlock.block_settings
  type: Field
  source:
    id: block_settings
    path: ''
    startLine: 6544
  assemblies:
  - cs.temp.dll
  namespace: eDIA
  syntax:
    content: public List<SettingsTuple> block_settings
    return:
      type: System.Collections.Generic.List{eDIA.SettingsTuple}
    content.vb: Public block_settings As List(Of SettingsTuple)
  modifiers.csharp:
  - public
  modifiers.vb:
  - Public
- uid: eDIA.ExperimentBlock.trial_settings
  commentId: F:eDIA.ExperimentBlock.trial_settings
  id: trial_settings
  parent: eDIA.ExperimentBlock
  langs:
  - csharp
  - vb
  name: trial_settings
  nameWithType: ExperimentBlock.trial_settings
  fullName: eDIA.ExperimentBlock.trial_settings
  type: Field
  source:
    id: trial_settings
    path: ''
    startLine: 6545
  assemblies:
  - cs.temp.dll
  namespace: eDIA
  syntax:
    content: public TrialSettings trial_settings
    return:
      type: eDIA.TrialSettings
    content.vb: Public trial_settings As TrialSettings
  modifiers.csharp:
  - public
  modifiers.vb:
  - Public
references:
- uid: eDIA
  commentId: N:eDIA
  name: eDIA
  nameWithType: eDIA
  fullName: eDIA
- uid: System.Object
  commentId: T:System.Object
  parent: System
  isExternal: true
  name: Object
  nameWithType: Object
  fullName: System.Object
- uid: System
  commentId: N:System
  isExternal: true
  name: System
  nameWithType: System
  fullName: System
- uid: System.String
  commentId: T:System.String
  parent: System
  isExternal: true
  name: String
  nameWithType: String
  fullName: System.String
- uid: System.Collections.Generic.List{eDIA.SettingsTuple}
  commentId: T:System.Collections.Generic.List{eDIA.SettingsTuple}
  parent: System.Collections.Generic
  definition: System.Collections.Generic.List`1
  name: List<SettingsTuple>
  nameWithType: List<SettingsTuple>
  fullName: System.Collections.Generic.List<eDIA.SettingsTuple>
  nameWithType.vb: List(Of SettingsTuple)
  fullName.vb: System.Collections.Generic.List(Of eDIA.SettingsTuple)
  name.vb: List(Of SettingsTuple)
  spec.csharp:
  - uid: System.Collections.Generic.List`1
    name: List
    nameWithType: List
    fullName: System.Collections.Generic.List
    isExternal: true
  - name: <
    nameWithType: <
    fullName: <
  - uid: eDIA.SettingsTuple
    name: SettingsTuple
    nameWithType: SettingsTuple
    fullName: eDIA.SettingsTuple
  - name: '>'
    nameWithType: '>'
    fullName: '>'
  spec.vb:
  - uid: System.Collections.Generic.List`1
    name: List
    nameWithType: List
    fullName: System.Collections.Generic.List
    isExternal: true
  - name: '(Of '
    nameWithType: '(Of '
    fullName: '(Of '
  - uid: eDIA.SettingsTuple
    name: SettingsTuple
    nameWithType: SettingsTuple
    fullName: eDIA.SettingsTuple
  - name: )
    nameWithType: )
    fullName: )
- uid: System.Collections.Generic.List`1
  commentId: T:System.Collections.Generic.List`1
  isExternal: true
  name: List<T>
  nameWithType: List<T>
  fullName: System.Collections.Generic.List<T>
  nameWithType.vb: List(Of T)
  fullName.vb: System.Collections.Generic.List(Of T)
  name.vb: List(Of T)
  spec.csharp:
  - uid: System.Collections.Generic.List`1
    name: List
    nameWithType: List
    fullName: System.Collections.Generic.List
    isExternal: true
  - name: <
    nameWithType: <
    fullName: <
  - name: T
    nameWithType: T
    fullName: T
  - name: '>'
    nameWithType: '>'
    fullName: '>'
  spec.vb:
  - uid: System.Collections.Generic.List`1
    name: List
    nameWithType: List
    fullName: System.Collections.Generic.List
    isExternal: true
  - name: '(Of '
    nameWithType: '(Of '
    fullName: '(Of '
  - name: T
    nameWithType: T
    fullName: T
  - name: )
    nameWithType: )
    fullName: )
- uid: System.Collections.Generic
  commentId: N:System.Collections.Generic
  isExternal: true
  name: System.Collections.Generic
  nameWithType: System.Collections.Generic
  fullName: System.Collections.Generic
- uid: eDIA.TrialSettings
  commentId: T:eDIA.TrialSettings
  parent: eDIA
  name: TrialSettings
  nameWithType: TrialSettings
  fullName: eDIA.TrialSettings
