### YamlMime:ManagedReference
items:
- uid: eDIA.TaskBlock
  commentId: T:eDIA.TaskBlock
  id: TaskBlock
  parent: eDIA
  children:
  - eDIA.TaskBlock.AddToTrialSequence(System.Action)
  - eDIA.TaskBlock.block_name
  - eDIA.TaskBlock.OnBetweenSteps
  - eDIA.TaskBlock.OnBlockEnd
  - eDIA.TaskBlock.OnBlockStart
  - eDIA.TaskBlock.OnEndTrial
  - eDIA.TaskBlock.OnStartTrial
  - eDIA.TaskBlock.trialSteps
  langs:
  - csharp
  - vb
  name: TaskBlock
  nameWithType: TaskBlock
  fullName: eDIA.TaskBlock
  type: Class
  source:
    id: TaskBlock
    path: ''
    startLine: 7036
  assemblies:
  - cs.temp.dll
  namespace: eDIA
  syntax:
    content: >-
      [Serializable]

      public class TaskBlock : MonoBehaviour
    content.vb: >-
      <Serializable>

      Public Class TaskBlock
          Inherits MonoBehaviour
  inheritance:
  - System.Object
  attributes:
  - type: System.SerializableAttribute
    ctor: System.SerializableAttribute.#ctor
    arguments: []
  modifiers.csharp:
  - public
  - class
  modifiers.vb:
  - Public
  - Class
- uid: eDIA.TaskBlock.block_name
  commentId: F:eDIA.TaskBlock.block_name
  id: block_name
  parent: eDIA.TaskBlock
  langs:
  - csharp
  - vb
  name: block_name
  nameWithType: TaskBlock.block_name
  fullName: eDIA.TaskBlock.block_name
  type: Field
  source:
    id: block_name
    path: ''
    startLine: 7040
  assemblies:
  - cs.temp.dll
  namespace: eDIA
  syntax:
    content: public string block_name
    return:
      type: System.String
    content.vb: Public block_name As String
  modifiers.csharp:
  - public
  modifiers.vb:
  - Public
- uid: eDIA.TaskBlock.trialSteps
  commentId: F:eDIA.TaskBlock.trialSteps
  id: trialSteps
  parent: eDIA.TaskBlock
  langs:
  - csharp
  - vb
  name: trialSteps
  nameWithType: TaskBlock.trialSteps
  fullName: eDIA.TaskBlock.trialSteps
  type: Field
  source:
    id: trialSteps
    path: ''
    startLine: 7043
  assemblies:
  - cs.temp.dll
  namespace: eDIA
  syntax:
    content: public List<Action> trialSteps
    return:
      type: System.Collections.Generic.List{System.Action}
    content.vb: Public trialSteps As List(Of Action)
  modifiers.csharp:
  - public
  modifiers.vb:
  - Public
- uid: eDIA.TaskBlock.AddToTrialSequence(System.Action)
  commentId: M:eDIA.TaskBlock.AddToTrialSequence(System.Action)
  id: AddToTrialSequence(System.Action)
  parent: eDIA.TaskBlock
  langs:
  - csharp
  - vb
  name: AddToTrialSequence(Action)
  nameWithType: TaskBlock.AddToTrialSequence(Action)
  fullName: eDIA.TaskBlock.AddToTrialSequence(System.Action)
  type: Method
  source:
    id: AddToTrialSequence
    path: ''
    startLine: 7045
  assemblies:
  - cs.temp.dll
  namespace: eDIA
  syntax:
    content: public void AddToTrialSequence(Action methodStep)
    parameters:
    - id: methodStep
      type: System.Action
    content.vb: Public Sub AddToTrialSequence(methodStep As Action)
  overload: eDIA.TaskBlock.AddToTrialSequence*
  modifiers.csharp:
  - public
  modifiers.vb:
  - Public
- uid: eDIA.TaskBlock.OnBlockStart
  commentId: M:eDIA.TaskBlock.OnBlockStart
  id: OnBlockStart
  parent: eDIA.TaskBlock
  langs:
  - csharp
  - vb
  name: OnBlockStart()
  nameWithType: TaskBlock.OnBlockStart()
  fullName: eDIA.TaskBlock.OnBlockStart()
  type: Method
  source:
    id: OnBlockStart
    path: ''
    startLine: 7051
  assemblies:
  - cs.temp.dll
  namespace: eDIA
  syntax:
    content: public virtual void OnBlockStart()
    content.vb: Public Overridable Sub OnBlockStart
  overload: eDIA.TaskBlock.OnBlockStart*
  modifiers.csharp:
  - public
  - virtual
  modifiers.vb:
  - Public
  - Overridable
- uid: eDIA.TaskBlock.OnStartTrial
  commentId: M:eDIA.TaskBlock.OnStartTrial
  id: OnStartTrial
  parent: eDIA.TaskBlock
  langs:
  - csharp
  - vb
  name: OnStartTrial()
  nameWithType: TaskBlock.OnStartTrial()
  fullName: eDIA.TaskBlock.OnStartTrial()
  type: Method
  source:
    id: OnStartTrial
    path: ''
    startLine: 7052
  assemblies:
  - cs.temp.dll
  namespace: eDIA
  syntax:
    content: public virtual void OnStartTrial()
    content.vb: Public Overridable Sub OnStartTrial
  overload: eDIA.TaskBlock.OnStartTrial*
  modifiers.csharp:
  - public
  - virtual
  modifiers.vb:
  - Public
  - Overridable
- uid: eDIA.TaskBlock.OnEndTrial
  commentId: M:eDIA.TaskBlock.OnEndTrial
  id: OnEndTrial
  parent: eDIA.TaskBlock
  langs:
  - csharp
  - vb
  name: OnEndTrial()
  nameWithType: TaskBlock.OnEndTrial()
  fullName: eDIA.TaskBlock.OnEndTrial()
  type: Method
  source:
    id: OnEndTrial
    path: ''
    startLine: 7053
  assemblies:
  - cs.temp.dll
  namespace: eDIA
  syntax:
    content: public virtual void OnEndTrial()
    content.vb: Public Overridable Sub OnEndTrial
  overload: eDIA.TaskBlock.OnEndTrial*
  modifiers.csharp:
  - public
  - virtual
  modifiers.vb:
  - Public
  - Overridable
- uid: eDIA.TaskBlock.OnBetweenSteps
  commentId: M:eDIA.TaskBlock.OnBetweenSteps
  id: OnBetweenSteps
  parent: eDIA.TaskBlock
  langs:
  - csharp
  - vb
  name: OnBetweenSteps()
  nameWithType: TaskBlock.OnBetweenSteps()
  fullName: eDIA.TaskBlock.OnBetweenSteps()
  type: Method
  source:
    id: OnBetweenSteps
    path: ''
    startLine: 7054
  assemblies:
  - cs.temp.dll
  namespace: eDIA
  syntax:
    content: public virtual void OnBetweenSteps()
    content.vb: Public Overridable Sub OnBetweenSteps
  overload: eDIA.TaskBlock.OnBetweenSteps*
  modifiers.csharp:
  - public
  - virtual
  modifiers.vb:
  - Public
  - Overridable
- uid: eDIA.TaskBlock.OnBlockEnd
  commentId: M:eDIA.TaskBlock.OnBlockEnd
  id: OnBlockEnd
  parent: eDIA.TaskBlock
  langs:
  - csharp
  - vb
  name: OnBlockEnd()
  nameWithType: TaskBlock.OnBlockEnd()
  fullName: eDIA.TaskBlock.OnBlockEnd()
  type: Method
  source:
    id: OnBlockEnd
    path: ''
    startLine: 7055
  assemblies:
  - cs.temp.dll
  namespace: eDIA
  syntax:
    content: public virtual void OnBlockEnd()
    content.vb: Public Overridable Sub OnBlockEnd
  overload: eDIA.TaskBlock.OnBlockEnd*
  modifiers.csharp:
  - public
  - virtual
  modifiers.vb:
  - Public
  - Overridable
references:
- uid: eDIA
  commentId: N:eDIA
  name: eDIA
  nameWithType: eDIA
  fullName: eDIA
- uid: System.Object
  commentId: T:System.Object
  parent: System
  isExternal: true
  name: Object
  nameWithType: Object
  fullName: System.Object
- uid: System
  commentId: N:System
  isExternal: true
  name: System
  nameWithType: System
  fullName: System
- uid: System.String
  commentId: T:System.String
  parent: System
  isExternal: true
  name: String
  nameWithType: String
  fullName: System.String
- uid: System.Collections.Generic.List{System.Action}
  commentId: T:System.Collections.Generic.List{System.Action}
  parent: System.Collections.Generic
  definition: System.Collections.Generic.List`1
  name: List<Action>
  nameWithType: List<Action>
  fullName: System.Collections.Generic.List<System.Action>
  nameWithType.vb: List(Of Action)
  fullName.vb: System.Collections.Generic.List(Of System.Action)
  name.vb: List(Of Action)
  spec.csharp:
  - uid: System.Collections.Generic.List`1
    name: List
    nameWithType: List
    fullName: System.Collections.Generic.List
    isExternal: true
  - name: <
    nameWithType: <
    fullName: <
  - uid: System.Action
    name: Action
    nameWithType: Action
    fullName: System.Action
    isExternal: true
  - name: '>'
    nameWithType: '>'
    fullName: '>'
  spec.vb:
  - uid: System.Collections.Generic.List`1
    name: List
    nameWithType: List
    fullName: System.Collections.Generic.List
    isExternal: true
  - name: '(Of '
    nameWithType: '(Of '
    fullName: '(Of '
  - uid: System.Action
    name: Action
    nameWithType: Action
    fullName: System.Action
    isExternal: true
  - name: )
    nameWithType: )
    fullName: )
- uid: System.Collections.Generic.List`1
  commentId: T:System.Collections.Generic.List`1
  isExternal: true
  name: List<T>
  nameWithType: List<T>
  fullName: System.Collections.Generic.List<T>
  nameWithType.vb: List(Of T)
  fullName.vb: System.Collections.Generic.List(Of T)
  name.vb: List(Of T)
  spec.csharp:
  - uid: System.Collections.Generic.List`1
    name: List
    nameWithType: List
    fullName: System.Collections.Generic.List
    isExternal: true
  - name: <
    nameWithType: <
    fullName: <
  - name: T
    nameWithType: T
    fullName: T
  - name: '>'
    nameWithType: '>'
    fullName: '>'
  spec.vb:
  - uid: System.Collections.Generic.List`1
    name: List
    nameWithType: List
    fullName: System.Collections.Generic.List
    isExternal: true
  - name: '(Of '
    nameWithType: '(Of '
    fullName: '(Of '
  - name: T
    nameWithType: T
    fullName: T
  - name: )
    nameWithType: )
    fullName: )
- uid: System.Collections.Generic
  commentId: N:System.Collections.Generic
  isExternal: true
  name: System.Collections.Generic
  nameWithType: System.Collections.Generic
  fullName: System.Collections.Generic
- uid: eDIA.TaskBlock.AddToTrialSequence*
  commentId: Overload:eDIA.TaskBlock.AddToTrialSequence
  name: AddToTrialSequence
  nameWithType: TaskBlock.AddToTrialSequence
  fullName: eDIA.TaskBlock.AddToTrialSequence
- uid: System.Action
  commentId: T:System.Action
  parent: System
  isExternal: true
  name: Action
  nameWithType: Action
  fullName: System.Action
- uid: eDIA.TaskBlock.OnBlockStart*
  commentId: Overload:eDIA.TaskBlock.OnBlockStart
  name: OnBlockStart
  nameWithType: TaskBlock.OnBlockStart
  fullName: eDIA.TaskBlock.OnBlockStart
- uid: eDIA.TaskBlock.OnStartTrial*
  commentId: Overload:eDIA.TaskBlock.OnStartTrial
  name: OnStartTrial
  nameWithType: TaskBlock.OnStartTrial
  fullName: eDIA.TaskBlock.OnStartTrial
- uid: eDIA.TaskBlock.OnEndTrial*
  commentId: Overload:eDIA.TaskBlock.OnEndTrial
  name: OnEndTrial
  nameWithType: TaskBlock.OnEndTrial
  fullName: eDIA.TaskBlock.OnEndTrial
- uid: eDIA.TaskBlock.OnBetweenSteps*
  commentId: Overload:eDIA.TaskBlock.OnBetweenSteps
  name: OnBetweenSteps
  nameWithType: TaskBlock.OnBetweenSteps
  fullName: eDIA.TaskBlock.OnBetweenSteps
- uid: eDIA.TaskBlock.OnBlockEnd*
  commentId: Overload:eDIA.TaskBlock.OnBlockEnd
  name: OnBlockEnd
  nameWithType: TaskBlock.OnBlockEnd
  fullName: eDIA.TaskBlock.OnBlockEnd
